
Microsoft Visual Studio Solution File, Format Version 12.00
# Visual Studio Version 17
VisualStudioVersion = 17.11.35303.130
MinimumVisualStudioVersion = 10.0.40219.1
Project("{FAE04EC0-301F-11D3-BF4B-00C04F79EFBC}") = "TPV", "TPV.csproj", "{BCDCAAAD-191E-47B8-B948-57E70BB7A295}"
EndProject
Project("{C7167F0D-BC9F-4E6E-AFE1-012C56B48DB5}") = "TPV-Empaquetado", "..\TPV-Empaquetado\TPV-Empaquetado.wapproj", "{4B94B5FD-F244-42DF-8909-2C832240E9DF}"
EndProject
Global
	GlobalSection(SolutionConfigurationPlatforms) = preSolution
		Debug|Any CPU = Debug|Any CPU
		Debug|ARM = Debug|ARM
		Debug|ARM64 = Debug|ARM64
		Debug|x64 = Debug|x64
		Debug|x86 = Debug|x86
		Release|Any CPU = Release|Any CPU
		Release|ARM = Release|ARM
		Release|ARM64 = Release|ARM64
		Release|x64 = Release|x64
		Release|x86 = Release|x86
	EndGlobalSection
	GlobalSection(ProjectConfigurationPlatforms) = postSolution
		{BCDCAAAD-191E-47B8-B948-57E70BB7A295}.Debug|Any CPU.ActiveCfg = Debug|Any CPU
		{BCDCAAAD-191E-47B8-B948-57E70BB7A295}.Debug|Any CPU.Build.0 = Debug|Any CPU
		{BCDCAAAD-191E-47B8-B948-57E70BB7A295}.Debug|ARM.ActiveCfg = Debug|Any CPU
		{BCDCAAAD-191E-47B8-B948-57E70BB7A295}.Debug|ARM.Build.0 = Debug|Any CPU
		{BCDCAAAD-191E-47B8-B948-57E70BB7A295}.Debug|ARM64.ActiveCfg = Debug|Any CPU
		{BCDCAAAD-191E-47B8-B948-57E70BB7A295}.Debug|ARM64.Build.0 = Debug|Any CPU
		{BCDCAAAD-191E-47B8-B948-57E70BB7A295}.Debug|x64.ActiveCfg = Debug|Any CPU
		{BCDCAAAD-191E-47B8-B948-57E70BB7A295}.Debug|x64.Build.0 = Debug|Any CPU
		{BCDCAAAD-191E-47B8-B948-57E70BB7A295}.Debug|x86.ActiveCfg = Debug|Any CPU
		{BCDCAAAD-191E-47B8-B948-57E70BB7A295}.Debug|x86.Build.0 = Debug|Any CPU
		{BCDCAAAD-191E-47B8-B948-57E70BB7A295}.Release|Any CPU.ActiveCfg = Release|Any CPU
		{BCDCAAAD-191E-47B8-B948-57E70BB7A295}.Release|Any CPU.Build.0 = Release|Any CPU
		{BCDCAAAD-191E-47B8-B948-57E70BB7A295}.Release|ARM.ActiveCfg = Release|Any CPU
		{BCDCAAAD-191E-47B8-B948-57E70BB7A295}.Release|ARM.Build.0 = Release|Any CPU
		{BCDCAAAD-191E-47B8-B948-57E70BB7A295}.Release|ARM64.ActiveCfg = Release|Any CPU
		{BCDCAAAD-191E-47B8-B948-57E70BB7A295}.Release|ARM64.Build.0 = Release|Any CPU
		{BCDCAAAD-191E-47B8-B948-57E70BB7A295}.Release|x64.ActiveCfg = Release|Any CPU
		{BCDCAAAD-191E-47B8-B948-57E70BB7A295}.Release|x64.Build.0 = Release|Any CPU
		{BCDCAAAD-191E-47B8-B948-57E70BB7A295}.Release|x86.ActiveCfg = Release|Any CPU
		{BCDCAAAD-191E-47B8-B948-57E70BB7A295}.Release|x86.Build.0 = Release|Any CPU
		{4B94B5FD-F244-42DF-8909-2C832240E9DF}.Debug|Any CPU.ActiveCfg = Debug|x86
		{4B94B5FD-F244-42DF-8909-2C832240E9DF}.Debug|Any CPU.Build.0 = Debug|x86
		{4B94B5FD-F244-42DF-8909-2C832240E9DF}.Debug|Any CPU.Deploy.0 = Debug|x86
		{4B94B5FD-F244-42DF-8909-2C832240E9DF}.Debug|ARM.ActiveCfg = Debug|ARM
		{4B94B5FD-F244-42DF-8909-2C832240E9DF}.Debug|ARM.Build.0 = Debug|ARM
		{4B94B5FD-F244-42DF-8909-2C832240E9DF}.Debug|ARM.Deploy.0 = Debug|ARM
		{4B94B5FD-F244-42DF-8909-2C832240E9DF}.Debug|ARM64.ActiveCfg = Debug|ARM64
		{4B94B5FD-F244-42DF-8909-2C832240E9DF}.Debug|ARM64.Build.0 = Debug|ARM64
		{4B94B5FD-F244-42DF-8909-2C832240E9DF}.Debug|ARM64.Deploy.0 = Debug|ARM64
		{4B94B5FD-F244-42DF-8909-2C832240E9DF}.Debug|x64.ActiveCfg = Debug|x64
		{4B94B5FD-F244-42DF-8909-2C832240E9DF}.Debug|x64.Build.0 = Debug|x64
		{4B94B5FD-F244-42DF-8909-2C832240E9DF}.Debug|x64.Deploy.0 = Debug|x64
		{4B94B5FD-F244-42DF-8909-2C832240E9DF}.Debug|x86.ActiveCfg = Debug|x86
		{4B94B5FD-F244-42DF-8909-2C832240E9DF}.Debug|x86.Build.0 = Debug|x86
		{4B94B5FD-F244-42DF-8909-2C832240E9DF}.Debug|x86.Deploy.0 = Debug|x86
		{4B94B5FD-F244-42DF-8909-2C832240E9DF}.Release|Any CPU.ActiveCfg = Release|x86
		{4B94B5FD-F244-42DF-8909-2C832240E9DF}.Release|Any CPU.Build.0 = Release|x86
		{4B94B5FD-F244-42DF-8909-2C832240E9DF}.Release|Any CPU.Deploy.0 = Release|x86
		{4B94B5FD-F244-42DF-8909-2C832240E9DF}.Release|ARM.ActiveCfg = Release|ARM
		{4B94B5FD-F244-42DF-8909-2C832240E9DF}.Release|ARM.Build.0 = Release|ARM
		{4B94B5FD-F244-42DF-8909-2C832240E9DF}.Release|ARM.Deploy.0 = Release|ARM
		{4B94B5FD-F244-42DF-8909-2C832240E9DF}.Release|ARM64.ActiveCfg = Release|ARM64
		{4B94B5FD-F244-42DF-8909-2C832240E9DF}.Release|ARM64.Build.0 = Release|ARM64
		{4B94B5FD-F244-42DF-8909-2C832240E9DF}.Release|ARM64.Deploy.0 = Release|ARM64
		{4B94B5FD-F244-42DF-8909-2C832240E9DF}.Release|x64.ActiveCfg = Release|x64
		{4B94B5FD-F244-42DF-8909-2C832240E9DF}.Release|x64.Build.0 = Release|x64
		{4B94B5FD-F244-42DF-8909-2C832240E9DF}.Release|x64.Deploy.0 = Release|x64
		{4B94B5FD-F244-42DF-8909-2C832240E9DF}.Release|x86.ActiveCfg = Release|x86
		{4B94B5FD-F244-42DF-8909-2C832240E9DF}.Release|x86.Build.0 = Release|x86
		{4B94B5FD-F244-42DF-8909-2C832240E9DF}.Release|x86.Deploy.0 = Release|x86
	EndGlobalSection
	GlobalSection(SolutionProperties) = preSolution
		HideSolutionNode = FALSE
	EndGlobalSection
	GlobalSection(ExtensibilityGlobals) = postSolution
		SolutionGuid = {C8C3908D-4DEC-4822-BA9E-912BE6F6CF53}
	EndGlobalSection
EndGlobal
